
Microsoft Visual Studio Solution File, Format Version 12.00
# Visual Studio Version 16
VisualStudioVersion = 16.0.31402.337
MinimumVisualStudioVersion = 10.0.40219.1
Project("{9A19103F-16F7-4668-BE54-9A1E7A4F7556}") = "JenkinsDemo", "src\JenkinsDemo\JenkinsDemo.csproj", "{65B8AF07-50D1-43A1-B196-ED69F7ECFEFF}"
EndProject
Project("{2150E333-8FDC-42A3-9474-1A3956D46DE8}") = "src", "src", "{8C7C9564-3BCF-4131-83F2-A1EBA7816F50}"
EndProject
Project("{2150E333-8FDC-42A3-9474-1A3956D46DE8}") = "test", "test", "{7BA4126C-6D5E-4640-B72C-ED5AC9AB068D}"
EndProject
Project("{FAE04EC0-301F-11D3-BF4B-00C04F79EFBC}") = "WebDemo", "src\WebDemo\WebDemo.csproj", "{DD48A6BE-7C3A-43B4-9B1F-1C597E275B75}"
EndProject
Project("{FAE04EC0-301F-11D3-BF4B-00C04F79EFBC}") = "DemoTest", "test\DemoTest\DemoTest.csproj", "{C05042F4-06F5-4086-9E13-AAC1AFC1ED88}"
EndProject
Global
	GlobalSection(SolutionConfigurationPlatforms) = preSolution
		Debug|Any CPU = Debug|Any CPU
		Release|Any CPU = Release|Any CPU
	EndGlobalSection
	GlobalSection(ProjectConfigurationPlatforms) = postSolution
		{65B8AF07-50D1-43A1-B196-ED69F7ECFEFF}.Debug|Any CPU.ActiveCfg = Debug|Any CPU
		{65B8AF07-50D1-43A1-B196-ED69F7ECFEFF}.Debug|Any CPU.Build.0 = Debug|Any CPU
		{65B8AF07-50D1-43A1-B196-ED69F7ECFEFF}.Release|Any CPU.ActiveCfg = Release|Any CPU
		{65B8AF07-50D1-43A1-B196-ED69F7ECFEFF}.Release|Any CPU.Build.0 = Release|Any CPU
		{DD48A6BE-7C3A-43B4-9B1F-1C597E275B75}.Debug|Any CPU.ActiveCfg = Debug|Any CPU
		{DD48A6BE-7C3A-43B4-9B1F-1C597E275B75}.Debug|Any CPU.Build.0 = Debug|Any CPU
		{DD48A6BE-7C3A-43B4-9B1F-1C597E275B75}.Release|Any CPU.ActiveCfg = Release|Any CPU
		{DD48A6BE-7C3A-43B4-9B1F-1C597E275B75}.Release|Any CPU.Build.0 = Release|Any CPU
		{C05042F4-06F5-4086-9E13-AAC1AFC1ED88}.Debug|Any CPU.ActiveCfg = Debug|Any CPU
		{C05042F4-06F5-4086-9E13-AAC1AFC1ED88}.Debug|Any CPU.Build.0 = Debug|Any CPU
		{C05042F4-06F5-4086-9E13-AAC1AFC1ED88}.Release|Any CPU.ActiveCfg = Release|Any CPU
		{C05042F4-06F5-4086-9E13-AAC1AFC1ED88}.Release|Any CPU.Build.0 = Release|Any CPU
	EndGlobalSection
	GlobalSection(SolutionProperties) = preSolution
		HideSolutionNode = FALSE
	EndGlobalSection
	GlobalSection(NestedProjects) = preSolution
		{65B8AF07-50D1-43A1-B196-ED69F7ECFEFF} = {8C7C9564-3BCF-4131-83F2-A1EBA7816F50}
		{DD48A6BE-7C3A-43B4-9B1F-1C597E275B75} = {8C7C9564-3BCF-4131-83F2-A1EBA7816F50}
		{C05042F4-06F5-4086-9E13-AAC1AFC1ED88} = {7BA4126C-6D5E-4640-B72C-ED5AC9AB068D}
	EndGlobalSection
	GlobalSection(ExtensibilityGlobals) = postSolution
		SolutionGuid = {2F58C1DF-5957-4FB5-86DC-2AB41044A796}
	EndGlobalSection
EndGlobal
